
Microsoft Visual Studio Solution File, Format Version 12.00
Project("{FAE04EC0-301F-11D3-BF4B-00C04F79EFBC}") = "Adress", "Adress\Adress.csproj", "{88E4332E-09D0-49BB-96F5-0383613571D8}"
EndProject
Project("{FAE04EC0-301F-11D3-BF4B-00C04F79EFBC}") = "Alphabet", "Alphabet\Alphabet.csproj", "{929BF894-A7C6-4535-87DE-93B927A6B77C}"
EndProject
Project("{FAE04EC0-301F-11D3-BF4B-00C04F79EFBC}") = "PersonalIdentificationNumber", "PersonalIdentificationNumber\PersonalIdentificationNumber.csproj", "{5C0579B5-A811-4C9D-98B3-086E8F10C356}"
EndProject
Project("{FAE04EC0-301F-11D3-BF4B-00C04F79EFBC}") = "GuessingNumbers", "GuessingNumbers\GuessingNumbers.csproj", "{029A70A4-D59A-43C2-912E-471C6DF4B640}"
EndProject
Global
	GlobalSection(SolutionConfigurationPlatforms) = preSolution
		Debug|Any CPU = Debug|Any CPU
		Release|Any CPU = Release|Any CPU
	EndGlobalSection
	GlobalSection(ProjectConfigurationPlatforms) = postSolution
		{88E4332E-09D0-49BB-96F5-0383613571D8}.Debug|Any CPU.ActiveCfg = Debug|Any CPU
		{88E4332E-09D0-49BB-96F5-0383613571D8}.Debug|Any CPU.Build.0 = Debug|Any CPU
		{88E4332E-09D0-49BB-96F5-0383613571D8}.Release|Any CPU.ActiveCfg = Release|Any CPU
		{88E4332E-09D0-49BB-96F5-0383613571D8}.Release|Any CPU.Build.0 = Release|Any CPU
		{929BF894-A7C6-4535-87DE-93B927A6B77C}.Debug|Any CPU.ActiveCfg = Debug|Any CPU
		{929BF894-A7C6-4535-87DE-93B927A6B77C}.Debug|Any CPU.Build.0 = Debug|Any CPU
		{929BF894-A7C6-4535-87DE-93B927A6B77C}.Release|Any CPU.ActiveCfg = Release|Any CPU
		{929BF894-A7C6-4535-87DE-93B927A6B77C}.Release|Any CPU.Build.0 = Release|Any CPU
		{5C0579B5-A811-4C9D-98B3-086E8F10C356}.Debug|Any CPU.ActiveCfg = Debug|Any CPU
		{5C0579B5-A811-4C9D-98B3-086E8F10C356}.Debug|Any CPU.Build.0 = Debug|Any CPU
		{5C0579B5-A811-4C9D-98B3-086E8F10C356}.Release|Any CPU.ActiveCfg = Release|Any CPU
		{5C0579B5-A811-4C9D-98B3-086E8F10C356}.Release|Any CPU.Build.0 = Release|Any CPU
		{029A70A4-D59A-43C2-912E-471C6DF4B640}.Debug|Any CPU.ActiveCfg = Debug|Any CPU
		{029A70A4-D59A-43C2-912E-471C6DF4B640}.Debug|Any CPU.Build.0 = Debug|Any CPU
		{029A70A4-D59A-43C2-912E-471C6DF4B640}.Release|Any CPU.ActiveCfg = Release|Any CPU
		{029A70A4-D59A-43C2-912E-471C6DF4B640}.Release|Any CPU.Build.0 = Release|Any CPU
	EndGlobalSection
EndGlobal
