
Microsoft Visual Studio Solution File, Format Version 12.00
Project("{FAE04EC0-301F-11D3-BF4B-00C04F79EFBC}") = "Sample01", "Sample01\Sample01.csproj", "{A1486C3B-4037-4551-A8AC-F4B32212B0FF}"
EndProject
Project("{FAE04EC0-301F-11D3-BF4B-00C04F79EFBC}") = "Sample02", "Sample02\Sample02.csproj", "{59A96B52-5EEC-4C0F-8809-5CD7F7235196}"
EndProject
Project("{FAE04EC0-301F-11D3-BF4B-00C04F79EFBC}") = "UtilsLibrary", "UtilsLibrary\UtilsLibrary.csproj", "{7600068D-E32D-4D63-B855-7D34C0D28761}"
EndProject
Project("{FAE04EC0-301F-11D3-BF4B-00C04F79EFBC}") = "UtilsLibrary.Tests", "UtilsLibrary.Tests\UtilsLibrary.Tests.csproj", "{5D72A5AC-655C-4E9F-81FC-D7C12D098246}"
EndProject
Global
	GlobalSection(SolutionConfigurationPlatforms) = preSolution
		Debug|Any CPU = Debug|Any CPU
		Release|Any CPU = Release|Any CPU
	EndGlobalSection
	GlobalSection(ProjectConfigurationPlatforms) = postSolution
		{A1486C3B-4037-4551-A8AC-F4B32212B0FF}.Debug|Any CPU.ActiveCfg = Debug|Any CPU
		{A1486C3B-4037-4551-A8AC-F4B32212B0FF}.Debug|Any CPU.Build.0 = Debug|Any CPU
		{A1486C3B-4037-4551-A8AC-F4B32212B0FF}.Release|Any CPU.ActiveCfg = Release|Any CPU
		{A1486C3B-4037-4551-A8AC-F4B32212B0FF}.Release|Any CPU.Build.0 = Release|Any CPU
		{59A96B52-5EEC-4C0F-8809-5CD7F7235196}.Debug|Any CPU.ActiveCfg = Debug|Any CPU
		{59A96B52-5EEC-4C0F-8809-5CD7F7235196}.Debug|Any CPU.Build.0 = Debug|Any CPU
		{59A96B52-5EEC-4C0F-8809-5CD7F7235196}.Release|Any CPU.ActiveCfg = Release|Any CPU
		{59A96B52-5EEC-4C0F-8809-5CD7F7235196}.Release|Any CPU.Build.0 = Release|Any CPU
		{7600068D-E32D-4D63-B855-7D34C0D28761}.Debug|Any CPU.ActiveCfg = Debug|Any CPU
		{7600068D-E32D-4D63-B855-7D34C0D28761}.Debug|Any CPU.Build.0 = Debug|Any CPU
		{7600068D-E32D-4D63-B855-7D34C0D28761}.Release|Any CPU.ActiveCfg = Release|Any CPU
		{7600068D-E32D-4D63-B855-7D34C0D28761}.Release|Any CPU.Build.0 = Release|Any CPU
		{5D72A5AC-655C-4E9F-81FC-D7C12D098246}.Debug|Any CPU.ActiveCfg = Debug|Any CPU
		{5D72A5AC-655C-4E9F-81FC-D7C12D098246}.Debug|Any CPU.Build.0 = Debug|Any CPU
		{5D72A5AC-655C-4E9F-81FC-D7C12D098246}.Release|Any CPU.ActiveCfg = Release|Any CPU
		{5D72A5AC-655C-4E9F-81FC-D7C12D098246}.Release|Any CPU.Build.0 = Release|Any CPU
	EndGlobalSection
EndGlobal
